<?xml version="1.0" encoding="UTF-8"?>
<CodeBlocks_project_file>
	<FileVersion major="1" minor="6"/>
	<Project>
		<Option title="libterm"/>
		<Option makefile_is_custom="1"/>
		<Option compiler="gcc"/>
		<Option virtualFolders="CMake Files\;"/>
		<Build>
			<Target title="all">
				<Option working_dir="/home/sergey/Dev/libterm"/>
				<Option type="4"/>
				<MakeCommands>
					<Build command="/usr/bin/ninja -v all"/>
					<CompileFile command="/usr/bin/ninja -v &quot;$file&quot;"/>
					<Clean command="/usr/bin/ninja -v clean"/>
					<DistClean command="/usr/bin/ninja -v clean"/>
				</MakeCommands>
			</Target>
			<Target title="rebuild_cache">
				<Option working_dir="/home/sergey/Dev/libterm"/>
				<Option type="4"/>
				<MakeCommands>
					<Build command="/usr/bin/ninja -v rebuild_cache"/>
					<CompileFile command="/usr/bin/ninja -v &quot;$file&quot;"/>
					<Clean command="/usr/bin/ninja -v clean"/>
					<DistClean command="/usr/bin/ninja -v clean"/>
				</MakeCommands>
			</Target>
			<Target title="libterm">
				<Option output="/home/sergey/Dev/libterm/libterm" prefix_auto="0" extension_auto="0"/>
				<Option working_dir="/home/sergey/Dev/libterm"/>
				<Option object_output="./"/>
				<Option type="1"/>
				<Option compiler="gcc"/>
				<Compiler>
					<Add directory="/usr/lib/gcc/x86_64-pc-linux-gnu/7.2.0/../../../../include/c++/7.2.0"/>
					<Add directory="/usr/lib/gcc/x86_64-pc-linux-gnu/7.2.0/../../../../include/c++/7.2.0/x86_64-pc-linux-gnu"/>
					<Add directory="/usr/lib/gcc/x86_64-pc-linux-gnu/7.2.0/../../../../include/c++/7.2.0/backward"/>
					<Add directory="/usr/lib/gcc/x86_64-pc-linux-gnu/7.2.0/include"/>
					<Add directory="/usr/local/include"/>
					<Add directory="/usr/lib/gcc/x86_64-pc-linux-gnu/7.2.0/include-fixed"/>
					<Add directory="/usr/include"/>
				</Compiler>
				<MakeCommands>
					<Build command="/usr/bin/ninja -v libterm"/>
					<CompileFile command="/usr/bin/ninja -v &quot;$file&quot;"/>
					<Clean command="/usr/bin/ninja -v clean"/>
					<DistClean command="/usr/bin/ninja -v clean"/>
				</MakeCommands>
			</Target>
			<Target title="libterm/fast">
				<Option output="/home/sergey/Dev/libterm/libterm" prefix_auto="0" extension_auto="0"/>
				<Option working_dir="/home/sergey/Dev/libterm"/>
				<Option object_output="./"/>
				<Option type="1"/>
				<Option compiler="gcc"/>
				<Compiler>
					<Add directory="/usr/lib/gcc/x86_64-pc-linux-gnu/7.2.0/../../../../include/c++/7.2.0"/>
					<Add directory="/usr/lib/gcc/x86_64-pc-linux-gnu/7.2.0/../../../../include/c++/7.2.0/x86_64-pc-linux-gnu"/>
					<Add directory="/usr/lib/gcc/x86_64-pc-linux-gnu/7.2.0/../../../../include/c++/7.2.0/backward"/>
					<Add directory="/usr/lib/gcc/x86_64-pc-linux-gnu/7.2.0/include"/>
					<Add directory="/usr/local/include"/>
					<Add directory="/usr/lib/gcc/x86_64-pc-linux-gnu/7.2.0/include-fixed"/>
					<Add directory="/usr/include"/>
				</Compiler>
				<MakeCommands>
					<Build command="/usr/bin/ninja -v libterm/fast"/>
					<CompileFile command="/usr/bin/ninja -v &quot;$file&quot;"/>
					<Clean command="/usr/bin/ninja -v clean"/>
					<DistClean command="/usr/bin/ninja -v clean"/>
				</MakeCommands>
			</Target>
			<Target title="edit_cache">
				<Option working_dir="/home/sergey/Dev/libterm"/>
				<Option type="4"/>
				<MakeCommands>
					<Build command="/usr/bin/ninja -v edit_cache"/>
					<CompileFile command="/usr/bin/ninja -v &quot;$file&quot;"/>
					<Clean command="/usr/bin/ninja -v clean"/>
					<DistClean command="/usr/bin/ninja -v clean"/>
				</MakeCommands>
			</Target>
		</Build>
		<Unit filename="/home/sergey/Dev/libterm/src/char.h">
			<Option target="libterm"/>
		</Unit>
		<Unit filename="/home/sergey/Dev/libterm/src/color.cpp">
			<Option target="libterm"/>
		</Unit>
		<Unit filename="/home/sergey/Dev/libterm/src/color.h">
			<Option target="libterm"/>
		</Unit>
		<Unit filename="/home/sergey/Dev/libterm/src/font.cpp">
			<Option target="libterm"/>
		</Unit>
		<Unit filename="/home/sergey/Dev/libterm/src/font.h">
			<Option target="libterm"/>
		</Unit>
		<Unit filename="/home/sergey/Dev/libterm/src/key.cpp">
			<Option target="libterm"/>
		</Unit>
		<Unit filename="/home/sergey/Dev/libterm/src/key.h">
			<Option target="libterm"/>
		</Unit>
		<Unit filename="/home/sergey/Dev/libterm/src/main.cpp">
			<Option target="libterm"/>
		</Unit>
		<Unit filename="/home/sergey/Dev/libterm/src/term.cpp">
			<Option target="libterm"/>
		</Unit>
		<Unit filename="/home/sergey/Dev/libterm/src/term.h">
			<Option target="libterm"/>
		</Unit>
		<Unit filename="/home/sergey/Dev/libterm/CMakeLists.txt">
			<Option virtualFolder="CMake Files\"/>
		</Unit>
	</Project>
</CodeBlocks_project_file>
